
Microsoft Visual Studio Solution File, Format Version 12.00
# Visual Studio Version 16
VisualStudioVersion = 16.0.28729.10
MinimumVisualStudioVersion = 10.0.40219.1
Project("{9A19103F-16F7-4668-BE54-9A1E7A4F7556}") = "MerchantsGuideToGalaxy", "MerchantsGuideToGalaxy\MerchantsGuideToGalaxy.csproj", "{E1EAE337-D740-49F2-8B21-A5F761BAE9FC}"
EndProject
Project("{9A19103F-16F7-4668-BE54-9A1E7A4F7556}") = "MerchantsGuideToGalaxy.Core", "MerchantsGuideToGalaxy.Core\MerchantsGuideToGalaxy.Core.csproj", "{88506E95-E594-45D5-9F5C-B8AB25EBB9DC}"
EndProject
Project("{9A19103F-16F7-4668-BE54-9A1E7A4F7556}") = "MerchantsGuideToGalaxy.Test", "MerchantsGuideToGalaxy.Test\MerchantsGuideToGalaxy.Test.csproj", "{EB39585D-5C6D-40C8-A499-37CBC4D41E70}"
EndProject
Global
	GlobalSection(SolutionConfigurationPlatforms) = preSolution
		Debug|Any CPU = Debug|Any CPU
		Release|Any CPU = Release|Any CPU
	EndGlobalSection
	GlobalSection(ProjectConfigurationPlatforms) = postSolution
		{E1EAE337-D740-49F2-8B21-A5F761BAE9FC}.Debug|Any CPU.ActiveCfg = Debug|Any CPU
		{E1EAE337-D740-49F2-8B21-A5F761BAE9FC}.Debug|Any CPU.Build.0 = Debug|Any CPU
		{E1EAE337-D740-49F2-8B21-A5F761BAE9FC}.Release|Any CPU.ActiveCfg = Release|Any CPU
		{E1EAE337-D740-49F2-8B21-A5F761BAE9FC}.Release|Any CPU.Build.0 = Release|Any CPU
		{88506E95-E594-45D5-9F5C-B8AB25EBB9DC}.Debug|Any CPU.ActiveCfg = Debug|Any CPU
		{88506E95-E594-45D5-9F5C-B8AB25EBB9DC}.Debug|Any CPU.Build.0 = Debug|Any CPU
		{88506E95-E594-45D5-9F5C-B8AB25EBB9DC}.Release|Any CPU.ActiveCfg = Release|Any CPU
		{88506E95-E594-45D5-9F5C-B8AB25EBB9DC}.Release|Any CPU.Build.0 = Release|Any CPU
		{EB39585D-5C6D-40C8-A499-37CBC4D41E70}.Debug|Any CPU.ActiveCfg = Debug|Any CPU
		{EB39585D-5C6D-40C8-A499-37CBC4D41E70}.Debug|Any CPU.Build.0 = Debug|Any CPU
		{EB39585D-5C6D-40C8-A499-37CBC4D41E70}.Release|Any CPU.ActiveCfg = Release|Any CPU
		{EB39585D-5C6D-40C8-A499-37CBC4D41E70}.Release|Any CPU.Build.0 = Release|Any CPU
	EndGlobalSection
	GlobalSection(SolutionProperties) = preSolution
		HideSolutionNode = FALSE
	EndGlobalSection
	GlobalSection(ExtensibilityGlobals) = postSolution
		SolutionGuid = {0D54F26C-C0FA-4EF7-BAB8-8399BDFBA3DB}
	EndGlobalSection
EndGlobal
