
Microsoft Visual Studio Solution File, Format Version 12.00
# Visual Studio 15
VisualStudioVersion = 15.0.28010.2026
MinimumVisualStudioVersion = 10.0.40219.1
Project("{FAE04EC0-301F-11D3-BF4B-00C04F79EFBC}") = "MyRestful.Api", "MyRestful.Api\MyRestful.Api.csproj", "{094CCCA6-2CE9-4A8E-B3DF-65BBCA273E9E}"
EndProject
Project("{FAE04EC0-301F-11D3-BF4B-00C04F79EFBC}") = "MuRestful.Core", "MuRestful.Core\MuRestful.Core.csproj", "{8E47D3CD-6C0A-4751-AEB1-BB978E707A82}"
EndProject
Project("{FAE04EC0-301F-11D3-BF4B-00C04F79EFBC}") = "MyRestful.Infrastructure", "MyRestful.Infrastructure\MyRestful.Infrastructure.csproj", "{06AF087A-6576-4845-B79B-9A0260F65470}"
EndProject
Global
	GlobalSection(SolutionConfigurationPlatforms) = preSolution
		Debug|Any CPU = Debug|Any CPU
		Release|Any CPU = Release|Any CPU
	EndGlobalSection
	GlobalSection(ProjectConfigurationPlatforms) = postSolution
		{094CCCA6-2CE9-4A8E-B3DF-65BBCA273E9E}.Debug|Any CPU.ActiveCfg = Debug|Any CPU
		{094CCCA6-2CE9-4A8E-B3DF-65BBCA273E9E}.Debug|Any CPU.Build.0 = Debug|Any CPU
		{094CCCA6-2CE9-4A8E-B3DF-65BBCA273E9E}.Release|Any CPU.ActiveCfg = Release|Any CPU
		{094CCCA6-2CE9-4A8E-B3DF-65BBCA273E9E}.Release|Any CPU.Build.0 = Release|Any CPU
		{8E47D3CD-6C0A-4751-AEB1-BB978E707A82}.Debug|Any CPU.ActiveCfg = Debug|Any CPU
		{8E47D3CD-6C0A-4751-AEB1-BB978E707A82}.Debug|Any CPU.Build.0 = Debug|Any CPU
		{8E47D3CD-6C0A-4751-AEB1-BB978E707A82}.Release|Any CPU.ActiveCfg = Release|Any CPU
		{8E47D3CD-6C0A-4751-AEB1-BB978E707A82}.Release|Any CPU.Build.0 = Release|Any CPU
		{06AF087A-6576-4845-B79B-9A0260F65470}.Debug|Any CPU.ActiveCfg = Debug|Any CPU
		{06AF087A-6576-4845-B79B-9A0260F65470}.Debug|Any CPU.Build.0 = Debug|Any CPU
		{06AF087A-6576-4845-B79B-9A0260F65470}.Release|Any CPU.ActiveCfg = Release|Any CPU
		{06AF087A-6576-4845-B79B-9A0260F65470}.Release|Any CPU.Build.0 = Release|Any CPU
	EndGlobalSection
	GlobalSection(SolutionProperties) = preSolution
		HideSolutionNode = FALSE
	EndGlobalSection
	GlobalSection(ExtensibilityGlobals) = postSolution
		SolutionGuid = {7C13A35E-452D-4CE4-AF0D-4739EBBFFF6B}
	EndGlobalSection
EndGlobal
