
Microsoft Visual Studio Solution File, Format Version 12.00
# Visual Studio 15
VisualStudioVersion = 15.0.28010.2026
MinimumVisualStudioVersion = 10.0.40219.1
Project("{FAE04EC0-301F-11D3-BF4B-00C04F79EFBC}") = "CoreBackend.Api", "CoreBackend.Api\CoreBackend.Api.csproj", "{BDD549C7-AE43-45DD-94B8-19DC7FA63FB6}"
EndProject
Global
	GlobalSection(SolutionConfigurationPlatforms) = preSolution
		Debug|Any CPU = Debug|Any CPU
		Release|Any CPU = Release|Any CPU
	EndGlobalSection
	GlobalSection(ProjectConfigurationPlatforms) = postSolution
		{BDD549C7-AE43-45DD-94B8-19DC7FA63FB6}.Debug|Any CPU.ActiveCfg = Debug|Any CPU
		{BDD549C7-AE43-45DD-94B8-19DC7FA63FB6}.Debug|Any CPU.Build.0 = Debug|Any CPU
		{BDD549C7-AE43-45DD-94B8-19DC7FA63FB6}.Release|Any CPU.ActiveCfg = Release|Any CPU
		{BDD549C7-AE43-45DD-94B8-19DC7FA63FB6}.Release|Any CPU.Build.0 = Release|Any CPU
	EndGlobalSection
	GlobalSection(SolutionProperties) = preSolution
		HideSolutionNode = FALSE
	EndGlobalSection
	GlobalSection(ExtensibilityGlobals) = postSolution
		SolutionGuid = {04FEE569-22CD-4F13-A18E-CD99ECDDC5AE}
	EndGlobalSection
EndGlobal
