
Microsoft Visual Studio Solution File, Format Version 12.00
# Visual Studio 15
VisualStudioVersion = 15.0.28010.2026
MinimumVisualStudioVersion = 10.0.40219.1
Project("{FAE04EC0-301F-11D3-BF4B-00C04F79EFBC}") = "RedisDemo", "RedisDemo\RedisDemo.csproj", "{E9438816-D877-4E30-AD60-DD9EB69435F2}"
EndProject
Project("{FAE04EC0-301F-11D3-BF4B-00C04F79EFBC}") = "RedisHash", "RedisHash\RedisHash.csproj", "{1C64FAFD-A366-4FB5-AE7B-4FDD4BF7B1E4}"
EndProject
Global
	GlobalSection(SolutionConfigurationPlatforms) = preSolution
		Debug|Any CPU = Debug|Any CPU
		Release|Any CPU = Release|Any CPU
	EndGlobalSection
	GlobalSection(ProjectConfigurationPlatforms) = postSolution
		{E9438816-D877-4E30-AD60-DD9EB69435F2}.Debug|Any CPU.ActiveCfg = Debug|Any CPU
		{E9438816-D877-4E30-AD60-DD9EB69435F2}.Debug|Any CPU.Build.0 = Debug|Any CPU
		{E9438816-D877-4E30-AD60-DD9EB69435F2}.Release|Any CPU.ActiveCfg = Release|Any CPU
		{E9438816-D877-4E30-AD60-DD9EB69435F2}.Release|Any CPU.Build.0 = Release|Any CPU
		{1C64FAFD-A366-4FB5-AE7B-4FDD4BF7B1E4}.Debug|Any CPU.ActiveCfg = Debug|Any CPU
		{1C64FAFD-A366-4FB5-AE7B-4FDD4BF7B1E4}.Debug|Any CPU.Build.0 = Debug|Any CPU
		{1C64FAFD-A366-4FB5-AE7B-4FDD4BF7B1E4}.Release|Any CPU.ActiveCfg = Release|Any CPU
		{1C64FAFD-A366-4FB5-AE7B-4FDD4BF7B1E4}.Release|Any CPU.Build.0 = Release|Any CPU
	EndGlobalSection
	GlobalSection(SolutionProperties) = preSolution
		HideSolutionNode = FALSE
	EndGlobalSection
	GlobalSection(ExtensibilityGlobals) = postSolution
		SolutionGuid = {794586F9-202B-49C8-94B3-2E5C3F6B4DA2}
	EndGlobalSection
EndGlobal
