
Microsoft Visual Studio Solution File, Format Version 12.00
# Visual Studio 15
VisualStudioVersion = 15.0.28010.2026
MinimumVisualStudioVersion = 10.0.40219.1
Project("{FAE04EC0-301F-11D3-BF4B-00C04F79EFBC}") = "WorkflowCoreTest", "WorkflowCoreTest\WorkflowCoreTest.csproj", "{048FAB16-9661-4548-A537-45D5B0480BF9}"
EndProject
Project("{FAE04EC0-301F-11D3-BF4B-00C04F79EFBC}") = "WorkflowCoreWebAPI", "WorkflowCoreWebAPI\WorkflowCoreWebAPI.csproj", "{00F08B3B-DA98-4859-90D9-83CC117CE07C}"
EndProject
Global
	GlobalSection(SolutionConfigurationPlatforms) = preSolution
		Debug|Any CPU = Debug|Any CPU
		Release|Any CPU = Release|Any CPU
	EndGlobalSection
	GlobalSection(ProjectConfigurationPlatforms) = postSolution
		{048FAB16-9661-4548-A537-45D5B0480BF9}.Debug|Any CPU.ActiveCfg = Debug|Any CPU
		{048FAB16-9661-4548-A537-45D5B0480BF9}.Debug|Any CPU.Build.0 = Debug|Any CPU
		{048FAB16-9661-4548-A537-45D5B0480BF9}.Release|Any CPU.ActiveCfg = Release|Any CPU
		{048FAB16-9661-4548-A537-45D5B0480BF9}.Release|Any CPU.Build.0 = Release|Any CPU
		{00F08B3B-DA98-4859-90D9-83CC117CE07C}.Debug|Any CPU.ActiveCfg = Debug|Any CPU
		{00F08B3B-DA98-4859-90D9-83CC117CE07C}.Debug|Any CPU.Build.0 = Debug|Any CPU
		{00F08B3B-DA98-4859-90D9-83CC117CE07C}.Release|Any CPU.ActiveCfg = Release|Any CPU
		{00F08B3B-DA98-4859-90D9-83CC117CE07C}.Release|Any CPU.Build.0 = Release|Any CPU
	EndGlobalSection
	GlobalSection(SolutionProperties) = preSolution
		HideSolutionNode = FALSE
	EndGlobalSection
	GlobalSection(ExtensibilityGlobals) = postSolution
		SolutionGuid = {D69471C4-0E4C-462B-828B-C6C2DB6ECC0C}
	EndGlobalSection
EndGlobal
