
Microsoft Visual Studio Solution File, Format Version 12.00
# Visual Studio 15
VisualStudioVersion = 15.0.28010.2026
MinimumVisualStudioVersion = 10.0.40219.1
Project("{FAE04EC0-301F-11D3-BF4B-00C04F79EFBC}") = "Leave", "Leave\Leave.csproj", "{F4FDAB87-A807-443D-9204-D46ADB804BC2}"
EndProject
Project("{FAE04EC0-301F-11D3-BF4B-00C04F79EFBC}") = "LeaveWebsite", "LeaveWebsite\LeaveWebsite.csproj", "{ADB3E879-7A3D-401E-B490-DCAAD215BC52}"
EndProject
Global
	GlobalSection(SolutionConfigurationPlatforms) = preSolution
		Debug|Any CPU = Debug|Any CPU
		Release|Any CPU = Release|Any CPU
	EndGlobalSection
	GlobalSection(ProjectConfigurationPlatforms) = postSolution
		{F4FDAB87-A807-443D-9204-D46ADB804BC2}.Debug|Any CPU.ActiveCfg = Debug|Any CPU
		{F4FDAB87-A807-443D-9204-D46ADB804BC2}.Debug|Any CPU.Build.0 = Debug|Any CPU
		{F4FDAB87-A807-443D-9204-D46ADB804BC2}.Release|Any CPU.ActiveCfg = Release|Any CPU
		{F4FDAB87-A807-443D-9204-D46ADB804BC2}.Release|Any CPU.Build.0 = Release|Any CPU
		{ADB3E879-7A3D-401E-B490-DCAAD215BC52}.Debug|Any CPU.ActiveCfg = Debug|Any CPU
		{ADB3E879-7A3D-401E-B490-DCAAD215BC52}.Debug|Any CPU.Build.0 = Debug|Any CPU
		{ADB3E879-7A3D-401E-B490-DCAAD215BC52}.Release|Any CPU.ActiveCfg = Release|Any CPU
		{ADB3E879-7A3D-401E-B490-DCAAD215BC52}.Release|Any CPU.Build.0 = Release|Any CPU
	EndGlobalSection
	GlobalSection(SolutionProperties) = preSolution
		HideSolutionNode = FALSE
	EndGlobalSection
	GlobalSection(ExtensibilityGlobals) = postSolution
		SolutionGuid = {5788904C-DD0A-4728-AA8C-75CF2C45B90A}
	EndGlobalSection
EndGlobal
